
Microsoft Visual Studio Solution File, Format Version 12.00
# Visual Studio Version 16
VisualStudioVersion = 16.0.32630.194
MinimumVisualStudioVersion = 10.0.40219.1
Project("{FAE04EC0-301F-11D3-BF4B-00C04F79EFBC}") = "MovieAPI", "MovieAPI\MovieAPI.csproj", "{E7A1412D-145F-4675-9DD9-29D56673EE00}"
EndProject
Global
	GlobalSection(SolutionConfigurationPlatforms) = preSolution
		Debug|Any CPU = Debug|Any CPU
		Release|Any CPU = Release|Any CPU
	EndGlobalSection
	GlobalSection(ProjectConfigurationPlatforms) = postSolution
		{E7A1412D-145F-4675-9DD9-29D56673EE00}.Debug|Any CPU.ActiveCfg = Debug|Any CPU
		{E7A1412D-145F-4675-9DD9-29D56673EE00}.Debug|Any CPU.Build.0 = Debug|Any CPU
		{E7A1412D-145F-4675-9DD9-29D56673EE00}.Release|Any CPU.ActiveCfg = Release|Any CPU
		{E7A1412D-145F-4675-9DD9-29D56673EE00}.Release|Any CPU.Build.0 = Release|Any CPU
	EndGlobalSection
	GlobalSection(SolutionProperties) = preSolution
		HideSolutionNode = FALSE
	EndGlobalSection
	GlobalSection(ExtensibilityGlobals) = postSolution
		SolutionGuid = {781398F7-C113-4723-BB78-97C358952449}
	EndGlobalSection
EndGlobal
